# This file is generated by running "yarn install" inside your project.
# Manual changes might be lost - proceed with caution!

__metadata:
  version: 8
  cacheKey: 10c0

"4_node_read_and_write@workspace:.":
  version: 0.0.0-use.local
  resolution: "4_node_read_and_write@workspace:."
  dependencies:
    "@types/node": "npm:18.17.0"
    web-ifc: "npm:0.0.61"
  languageName: unknown
  linkType: soft

"@types/node@npm:18.17.0":
  version: 18.17.0
  resolution: "@types/node@npm:18.17.0"
  checksum: 10c0/3b53b2517261bcefd8f13c16dfe0bf49f2e0fdbee3dad2e1f81f30e9a762c39ffe8d601b466b9c98a9c0f99eed7bdad167d2e8222864d9458e93d78c6744c17f
  languageName: node
  linkType: hard

"web-ifc@npm:0.0.61":
  version: 0.0.61
  resolution: "web-ifc@npm:0.0.61"
  checksum: 10c0/8de1a9466ec2a397cd0c84362d6f6ac7b149a7afe24c10422fe881fc27359f2de9933ae6e42084ef5a925a3080f5690eff10b1ce0290adce46dc51412d70fbdf
  languageName: node
  linkType: hard
