# THIS IS AN AUTOGENERATED FILE. DO NOT EDIT THIS FILE DIRECTLY.
# yarn lockfile v1


web-ifc@0.0.61:
  version "0.0.61"
  resolved "https://registry.yarnpkg.com/web-ifc/-/web-ifc-0.0.61.tgz#41923454cb875ffa1a2efbd47ac50fed4b527379"
  integrity sha512-46ctJVA3oWUWMskBL8KYMftVQttgmICxTgp+0L8sppo5xWdgunk97UPUwcTNF7MOLCrUK5rYjtGZ7D6MLOpCIw==
